// !$*UTF8*$!
{
	archiveVersion = 1;
	classes = {
	};
	objectVersion = 52;
	objects = {

/* Begin PBXBuildFile section */
		4401BA7F253641A400008CC5 /* OptionsView.swift in Sources */ = {isa = PBXBuildFile; fileRef = 4401BA7E253641A400008CC5 /* OptionsView.swift */; };
		4421B65B2549AE6100DAF830 /* SwiftUICharts in Frameworks */ = {isa = PBXBuildFile; productRef = 4421B65A2549AE6100DAF830 /* SwiftUICharts */; };
		4421B6692549AEA000DAF830 /* Localize_Swift in Frameworks */ = {isa = PBXBuildFile; productRef = 4421B6682549AEA000DAF830 /* Localize_Swift */; };
		4445D28F2573CBCA00D9E45B /* WidgetKit.framework in Frameworks */ = {isa = PBXBuildFile; fileRef = 4445D28E2573CBCA00D9E45B /* WidgetKit.framework */; };
		4445D2912573CBCA00D9E45B /* SwiftUI.framework in Frameworks */ = {isa = PBXBuildFile; fileRef = 4445D2902573CBCA00D9E45B /* SwiftUI.framework */; };
		4445D2942573CBCA00D9E45B /* Spreat_Widget.swift in Sources */ = {isa = PBXBuildFile; fileRef = 4445D2932573CBCA00D9E45B /* Spreat_Widget.swift */; };
		4445D2972573CBCB00D9E45B /* Assets.xcassets in Resources */ = {isa = PBXBuildFile; fileRef = 4445D2962573CBCB00D9E45B /* Assets.xcassets */; };
		4445D2992573CBCB00D9E45B /* Spreat_Widget.intentdefinition in Sources */ = {isa = PBXBuildFile; fileRef = 4445D2952573CBCB00D9E45B /* Spreat_Widget.intentdefinition */; };
		4445D29A2573CBCB00D9E45B /* Spreat_Widget.intentdefinition in Sources */ = {isa = PBXBuildFile; fileRef = 4445D2952573CBCB00D9E45B /* Spreat_Widget.intentdefinition */; };
		4445D29D2573CBCB00D9E45B /* Spreat WidgetExtension.appex in Embed App Extensions */ = {isa = PBXBuildFile; fileRef = 4445D28D2573CBCA00D9E45B /* Spreat WidgetExtension.appex */; settings = {ATTRIBUTES = (RemoveHeadersOnCopy, ); }; };
		4453BBE325694D33004810A3 /* OptionsRowView.swift in Sources */ = {isa = PBXBuildFile; fileRef = 4453BBE225694D33004810A3 /* OptionsRowView.swift */; };
		4453BBE825694E12004810A3 /* OptionsLabelView.swift in Sources */ = {isa = PBXBuildFile; fileRef = 4453BBE725694E12004810A3 /* OptionsLabelView.swift */; };
		44575160253C7BB0004F2718 /* OptionsManager.swift in Sources */ = {isa = PBXBuildFile; fileRef = 4457515F253C7BB0004F2718 /* OptionsManager.swift */; };
		44732E742534D1320098792E /* COVIDNewsFetchRequest.swift in Sources */ = {isa = PBXBuildFile; fileRef = 44732E732534D1320098792E /* COVIDNewsFetchRequest.swift */; };
		44732E762534D82A0098792E /* NewsItemView.swift in Sources */ = {isa = PBXBuildFile; fileRef = 44732E752534D82A0098792E /* NewsItemView.swift */; };
		44732E782534DA4D0098792E /* NewsView.swift in Sources */ = {isa = PBXBuildFile; fileRef = 44732E772534DA4D0098792E /* NewsView.swift */; };
		44A59B16253617F200F02F9A /* Localizable.strings in Resources */ = {isa = PBXBuildFile; fileRef = 44A59B18253617F200F02F9A /* Localizable.strings */; };
		44AD35192531B83500CB833E /* WorldDataCard.swift in Sources */ = {isa = PBXBuildFile; fileRef = 44AD35182531B83500CB833E /* WorldDataCard.swift */; };
		44AD351B2531BB0A00CB833E /* WorldDataView.swift in Sources */ = {isa = PBXBuildFile; fileRef = 44AD351A2531BB0A00CB833E /* WorldDataView.swift */; };
		44AD351D2531C30800CB833E /* SearchView.swift in Sources */ = {isa = PBXBuildFile; fileRef = 44AD351C2531C30800CB833E /* SearchView.swift */; };
		44AD351F2531C85800CB833E /* CountryDetailsRow.swift in Sources */ = {isa = PBXBuildFile; fileRef = 44AD351E2531C85800CB833E /* CountryDetailsRow.swift */; };
		44AD35212531CCA600CB833E /* CountryDetailsView.swift in Sources */ = {isa = PBXBuildFile; fileRef = 44AD35202531CCA600CB833E /* CountryDetailsView.swift */; };
		44AD35232531D50E00CB833E /* MapView.swift in Sources */ = {isa = PBXBuildFile; fileRef = 44AD35222531D50E00CB833E /* MapView.swift */; };
		44AD35252531D8C600CB833E /* MapContainerView.swift in Sources */ = {isa = PBXBuildFile; fileRef = 44AD35242531D8C600CB833E /* MapContainerView.swift */; };
		44AD35272531DD2100CB833E /* COVIDCountryFetchRequest.swift in Sources */ = {isa = PBXBuildFile; fileRef = 44AD35262531DD2100CB833E /* COVIDCountryFetchRequest.swift */; };
		44BF894A2560483700E96155 /* OnboardingView.swift in Sources */ = {isa = PBXBuildFile; fileRef = 44BF89492560483700E96155 /* OnboardingView.swift */; };
		44BF894F2560492300E96155 /* OnboardingCardView.swift in Sources */ = {isa = PBXBuildFile; fileRef = 44BF894E2560492300E96155 /* OnboardingCardView.swift */; };
		44BF89542560496700E96155 /* OnboardingCardModel.swift in Sources */ = {isa = PBXBuildFile; fileRef = 44BF89532560496700E96155 /* OnboardingCardModel.swift */; };
		44BFB8302530C48F0002899F /* AppDelegate.swift in Sources */ = {isa = PBXBuildFile; fileRef = 44BFB82F2530C48F0002899F /* AppDelegate.swift */; };
		44BFB8322530C48F0002899F /* SceneDelegate.swift in Sources */ = {isa = PBXBuildFile; fileRef = 44BFB8312530C48F0002899F /* SceneDelegate.swift */; };
		44BFB8362530C4900002899F /* Assets.xcassets in Resources */ = {isa = PBXBuildFile; fileRef = 44BFB8352530C4900002899F /* Assets.xcassets */; };
		44BFB8392530C4900002899F /* Preview Assets.xcassets in Resources */ = {isa = PBXBuildFile; fileRef = 44BFB8382530C4900002899F /* Preview Assets.xcassets */; };
		44BFB83C2530C4900002899F /* LaunchScreen.storyboard in Resources */ = {isa = PBXBuildFile; fileRef = 44BFB83A2530C4900002899F /* LaunchScreen.storyboard */; };
		44BFB8472530C4900002899F /* SpreatTests.swift in Sources */ = {isa = PBXBuildFile; fileRef = 44BFB8462530C4900002899F /* SpreatTests.swift */; };
		44BFB8522530C4900002899F /* SpreatUITests.swift in Sources */ = {isa = PBXBuildFile; fileRef = 44BFB8512530C4900002899F /* SpreatUITests.swift */; };
		44BFB8602530C93F0002899F /* COVIDFetchRequest.swift in Sources */ = {isa = PBXBuildFile; fileRef = 44BFB85F2530C93F0002899F /* COVIDFetchRequest.swift */; };
		44BFB8622530CE100002899F /* COVIDModel.swift in Sources */ = {isa = PBXBuildFile; fileRef = 44BFB8612530CE100002899F /* COVIDModel.swift */; };
		44BFB8672530E0D10002899F /* RecentsView.swift in Sources */ = {isa = PBXBuildFile; fileRef = 44BFB8662530E0D10002899F /* RecentsView.swift */; };
		44BFB8692530E3090002899F /* ListHeaderView.swift in Sources */ = {isa = PBXBuildFile; fileRef = 44BFB8682530E3090002899F /* ListHeaderView.swift */; };
		44BFB86B2530E5EC0002899F /* CountryRowView.swift in Sources */ = {isa = PBXBuildFile; fileRef = 44BFB86A2530E5EC0002899F /* CountryRowView.swift */; };
		44BFB86E2530E8010002899F /* Int+Extensions.swift in Sources */ = {isa = PBXBuildFile; fileRef = 44BFB86D2530E8010002899F /* Int+Extensions.swift */; };
		729CA190D836CB9DE0D03AE5 /* Pods_SpreatTests.framework in Frameworks */ = {isa = PBXBuildFile; fileRef = 940D7FBEF67FA24A7B0BC3C6 /* Pods_SpreatTests.framework */; };
		979238DAF0BF1C9CD54ED680 /* Pods_Spreat_SpreatUITests.framework in Frameworks */ = {isa = PBXBuildFile; fileRef = E03E95AF45CC6E616DB90FC0 /* Pods_Spreat_SpreatUITests.framework */; };
		BECDC6A15DB1F8A682127D77 /* Pods_Spreat.framework in Frameworks */ = {isa = PBXBuildFile; fileRef = 2ED2891C93C501248B150AD3 /* Pods_Spreat.framework */; };
/* End PBXBuildFile section */

/* Begin PBXContainerItemProxy section */
		4445D29B2573CBCB00D9E45B /* PBXContainerItemProxy */ = {
			isa = PBXContainerItemProxy;
			containerPortal = 44BFB8242530C48F0002899F /* Project object */;
			proxyType = 1;
			remoteGlobalIDString = 4445D28C2573CBCA00D9E45B;
			remoteInfo = "Spreat WidgetExtension";
		};
		44BFB8432530C4900002899F /* PBXContainerItemProxy */ = {
			isa = PBXContainerItemProxy;
			containerPortal = 44BFB8242530C48F0002899F /* Project object */;
			proxyType = 1;
			remoteGlobalIDString = 44BFB82B2530C48F0002899F;
			remoteInfo = Spreat;
		};
		44BFB84E2530C4900002899F /* PBXContainerItemProxy */ = {
			isa = PBXContainerItemProxy;
			containerPortal = 44BFB8242530C48F0002899F /* Project object */;
			proxyType = 1;
			remoteGlobalIDString = 44BFB82B2530C48F0002899F;
			remoteInfo = Spreat;
		};
/* End PBXContainerItemProxy section */

/* Begin PBXCopyFilesBuildPhase section */
		4445D29E2573CBCB00D9E45B /* Embed App Extensions */ = {
			isa = PBXCopyFilesBuildPhase;
			buildActionMask = 2147483647;
			dstPath = "";
			dstSubfolderSpec = 13;
			files = (
				4445D29D2573CBCB00D9E45B /* Spreat WidgetExtension.appex in Embed App Extensions */,
			);
			name = "Embed App Extensions";
			runOnlyForDeploymentPostprocessing = 0;
		};
/* End PBXCopyFilesBuildPhase section */

/* Begin PBXFileReference section */
		134BEDD70DD69C1740E3C1C8 /* Pods-Spreat.release.xcconfig */ = {isa = PBXFileReference; includeInIndex = 1; lastKnownFileType = text.xcconfig; name = "Pods-Spreat.release.xcconfig"; path = "Target Support Files/Pods-Spreat/Pods-Spreat.release.xcconfig"; sourceTree = "<group>"; };
		2ED2891C93C501248B150AD3 /* Pods_Spreat.framework */ = {isa = PBXFileReference; explicitFileType = wrapper.framework; includeInIndex = 0; path = Pods_Spreat.framework; sourceTree = BUILT_PRODUCTS_DIR; };
		4401BA7E253641A400008CC5 /* OptionsView.swift */ = {isa = PBXFileReference; lastKnownFileType = sourcecode.swift; path = OptionsView.swift; sourceTree = "<group>"; };
		4445D28D2573CBCA00D9E45B /* Spreat WidgetExtension.appex */ = {isa = PBXFileReference; explicitFileType = "wrapper.app-extension"; includeInIndex = 0; path = "Spreat WidgetExtension.appex"; sourceTree = BUILT_PRODUCTS_DIR; };
		4445D28E2573CBCA00D9E45B /* WidgetKit.framework */ = {isa = PBXFileReference; lastKnownFileType = wrapper.framework; name = WidgetKit.framework; path = System/Library/Frameworks/WidgetKit.framework; sourceTree = SDKROOT; };
		4445D2902573CBCA00D9E45B /* SwiftUI.framework */ = {isa = PBXFileReference; lastKnownFileType = wrapper.framework; name = SwiftUI.framework; path = System/Library/Frameworks/SwiftUI.framework; sourceTree = SDKROOT; };
		4445D2932573CBCA00D9E45B /* Spreat_Widget.swift */ = {isa = PBXFileReference; lastKnownFileType = sourcecode.swift; path = Spreat_Widget.swift; sourceTree = "<group>"; };
		4445D2952573CBCB00D9E45B /* Spreat_Widget.intentdefinition */ = {isa = PBXFileReference; lastKnownFileType = file.intentdefinition; path = Spreat_Widget.intentdefinition; sourceTree = "<group>"; };
		4445D2962573CBCB00D9E45B /* Assets.xcassets */ = {isa = PBXFileReference; lastKnownFileType = folder.assetcatalog; path = Assets.xcassets; sourceTree = "<group>"; };
		4445D2982573CBCB00D9E45B /* Info.plist */ = {isa = PBXFileReference; lastKnownFileType = text.plist.xml; path = Info.plist; sourceTree = "<group>"; };
		4453BBE225694D33004810A3 /* OptionsRowView.swift */ = {isa = PBXFileReference; lastKnownFileType = sourcecode.swift; path = OptionsRowView.swift; sourceTree = "<group>"; };
		4453BBE725694E12004810A3 /* OptionsLabelView.swift */ = {isa = PBXFileReference; lastKnownFileType = sourcecode.swift; path = OptionsLabelView.swift; sourceTree = "<group>"; };
		4457515F253C7BB0004F2718 /* OptionsManager.swift */ = {isa = PBXFileReference; lastKnownFileType = sourcecode.swift; path = OptionsManager.swift; sourceTree = "<group>"; };
		44732E732534D1320098792E /* COVIDNewsFetchRequest.swift */ = {isa = PBXFileReference; lastKnownFileType = sourcecode.swift; path = COVIDNewsFetchRequest.swift; sourceTree = "<group>"; };
		44732E752534D82A0098792E /* NewsItemView.swift */ = {isa = PBXFileReference; lastKnownFileType = sourcecode.swift; path = NewsItemView.swift; sourceTree = "<group>"; };
		44732E772534DA4D0098792E /* NewsView.swift */ = {isa = PBXFileReference; lastKnownFileType = sourcecode.swift; path = NewsView.swift; sourceTree = "<group>"; };
		44A59B12253615BA00F02F9A /* de */ = {isa = PBXFileReference; lastKnownFileType = text.plist.strings; name = de; path = de.lproj/LaunchScreen.strings; sourceTree = "<group>"; };
		44A59B17253617F200F02F9A /* en */ = {isa = PBXFileReference; lastKnownFileType = text.plist.strings; name = en; path = en.lproj/Localizable.strings; sourceTree = "<group>"; };
		44A59B1B2536183100F02F9A /* tr */ = {isa = PBXFileReference; lastKnownFileType = text.plist.strings; name = tr; path = tr.lproj/LaunchScreen.strings; sourceTree = "<group>"; };
		44A59B1C2536183A00F02F9A /* es */ = {isa = PBXFileReference; lastKnownFileType = text.plist.strings; name = es; path = es.lproj/LaunchScreen.strings; sourceTree = "<group>"; };
		44A59B1D2536184800F02F9A /* ru */ = {isa = PBXFileReference; lastKnownFileType = text.plist.strings; name = ru; path = ru.lproj/LaunchScreen.strings; sourceTree = "<group>"; };
		44A59B1E2536185400F02F9A /* ja */ = {isa = PBXFileReference; lastKnownFileType = text.plist.strings; name = ja; path = ja.lproj/LaunchScreen.strings; sourceTree = "<group>"; };
		44A59B1F2536185F00F02F9A /* it */ = {isa = PBXFileReference; lastKnownFileType = text.plist.strings; name = it; path = it.lproj/LaunchScreen.strings; sourceTree = "<group>"; };
		44A59B202536186500F02F9A /* nl */ = {isa = PBXFileReference; lastKnownFileType = text.plist.strings; name = nl; path = nl.lproj/LaunchScreen.strings; sourceTree = "<group>"; };
		44A59B212536186C00F02F9A /* ar */ = {isa = PBXFileReference; lastKnownFileType = text.plist.strings; name = ar; path = ar.lproj/LaunchScreen.strings; sourceTree = "<group>"; };
		44A59B222536187700F02F9A /* fr */ = {isa = PBXFileReference; lastKnownFileType = text.plist.strings; name = fr; path = fr.lproj/LaunchScreen.strings; sourceTree = "<group>"; };
		44A59B232536188500F02F9A /* ar */ = {isa = PBXFileReference; lastKnownFileType = text.plist.strings; name = ar; path = ar.lproj/Localizable.strings; sourceTree = "<group>"; };
		44A59B242536188600F02F9A /* nl */ = {isa = PBXFileReference; lastKnownFileType = text.plist.strings; name = nl; path = nl.lproj/Localizable.strings; sourceTree = "<group>"; };
		44A59B252536188600F02F9A /* fr */ = {isa = PBXFileReference; lastKnownFileType = text.plist.strings; name = fr; path = fr.lproj/Localizable.strings; sourceTree = "<group>"; };
		44A59B262536188700F02F9A /* de */ = {isa = PBXFileReference; lastKnownFileType = text.plist.strings; name = de; path = de.lproj/Localizable.strings; sourceTree = "<group>"; };
		44A59B272536188700F02F9A /* it */ = {isa = PBXFileReference; lastKnownFileType = text.plist.strings; name = it; path = it.lproj/Localizable.strings; sourceTree = "<group>"; };
		44A59B282536188800F02F9A /* ja */ = {isa = PBXFileReference; lastKnownFileType = text.plist.strings; name = ja; path = ja.lproj/Localizable.strings; sourceTree = "<group>"; };
		44A59B292536188800F02F9A /* ru */ = {isa = PBXFileReference; lastKnownFileType = text.plist.strings; name = ru; path = ru.lproj/Localizable.strings; sourceTree = "<group>"; };
		44A59B2A2536188900F02F9A /* es */ = {isa = PBXFileReference; lastKnownFileType = text.plist.strings; name = es; path = es.lproj/Localizable.strings; sourceTree = "<group>"; };
		44A59B2B2536188900F02F9A /* tr */ = {isa = PBXFileReference; lastKnownFileType = text.plist.strings; name = tr; path = tr.lproj/Localizable.strings; sourceTree = "<group>"; };
		44AD35182531B83500CB833E /* WorldDataCard.swift */ = {isa = PBXFileReference; lastKnownFileType = sourcecode.swift; path = WorldDataCard.swift; sourceTree = "<group>"; };
		44AD351A2531BB0A00CB833E /* WorldDataView.swift */ = {isa = PBXFileReference; lastKnownFileType = sourcecode.swift; path = WorldDataView.swift; sourceTree = "<group>"; };
		44AD351C2531C30800CB833E /* SearchView.swift */ = {isa = PBXFileReference; lastKnownFileType = sourcecode.swift; path = SearchView.swift; sourceTree = "<group>"; };
		44AD351E2531C85800CB833E /* CountryDetailsRow.swift */ = {isa = PBXFileReference; lastKnownFileType = sourcecode.swift; path = CountryDetailsRow.swift; sourceTree = "<group>"; };
		44AD35202531CCA600CB833E /* CountryDetailsView.swift */ = {isa = PBXFileReference; lastKnownFileType = sourcecode.swift; path = CountryDetailsView.swift; sourceTree = "<group>"; };
		44AD35222531D50E00CB833E /* MapView.swift */ = {isa = PBXFileReference; lastKnownFileType = sourcecode.swift; path = MapView.swift; sourceTree = "<group>"; };
		44AD35242531D8C600CB833E /* MapContainerView.swift */ = {isa = PBXFileReference; lastKnownFileType = sourcecode.swift; path = MapContainerView.swift; sourceTree = "<group>"; };
		44AD35262531DD2100CB833E /* COVIDCountryFetchRequest.swift */ = {isa = PBXFileReference; lastKnownFileType = sourcecode.swift; path = COVIDCountryFetchRequest.swift; sourceTree = "<group>"; };
		44BF89492560483700E96155 /* OnboardingView.swift */ = {isa = PBXFileReference; lastKnownFileType = sourcecode.swift; path = OnboardingView.swift; sourceTree = "<group>"; };
		44BF894E2560492300E96155 /* OnboardingCardView.swift */ = {isa = PBXFileReference; lastKnownFileType = sourcecode.swift; path = OnboardingCardView.swift; sourceTree = "<group>"; };
		44BF89532560496700E96155 /* OnboardingCardModel.swift */ = {isa = PBXFileReference; lastKnownFileType = sourcecode.swift; path = OnboardingCardModel.swift; sourceTree = "<group>"; };
		44BFB82C2530C48F0002899F /* Spreat.app */ = {isa = PBXFileReference; explicitFileType = wrapper.application; includeInIndex = 0; path = Spreat.app; sourceTree = BUILT_PRODUCTS_DIR; };
		44BFB82F2530C48F0002899F /* AppDelegate.swift */ = {isa = PBXFileReference; lastKnownFileType = sourcecode.swift; path = AppDelegate.swift; sourceTree = "<group>"; };
		44BFB8312530C48F0002899F /* SceneDelegate.swift */ = {isa = PBXFileReference; lastKnownFileType = sourcecode.swift; path = SceneDelegate.swift; sourceTree = "<group>"; };
		44BFB8352530C4900002899F /* Assets.xcassets */ = {isa = PBXFileReference; lastKnownFileType = folder.assetcatalog; path = Assets.xcassets; sourceTree = "<group>"; };
		44BFB8382530C4900002899F /* Preview Assets.xcassets */ = {isa = PBXFileReference; lastKnownFileType = folder.assetcatalog; path = "Preview Assets.xcassets"; sourceTree = "<group>"; };
		44BFB83B2530C4900002899F /* Base */ = {isa = PBXFileReference; lastKnownFileType = file.storyboard; name = Base; path = Base.lproj/LaunchScreen.storyboard; sourceTree = "<group>"; };
		44BFB83D2530C4900002899F /* Info.plist */ = {isa = PBXFileReference; lastKnownFileType = text.plist.xml; path = Info.plist; sourceTree = "<group>"; };
		44BFB8422530C4900002899F /* SpreatTests.xctest */ = {isa = PBXFileReference; explicitFileType = wrapper.cfbundle; includeInIndex = 0; path = SpreatTests.xctest; sourceTree = BUILT_PRODUCTS_DIR; };
		44BFB8462530C4900002899F /* SpreatTests.swift */ = {isa = PBXFileReference; lastKnownFileType = sourcecode.swift; path = SpreatTests.swift; sourceTree = "<group>"; };
		44BFB8482530C4900002899F /* Info.plist */ = {isa = PBXFileReference; lastKnownFileType = text.plist.xml; path = Info.plist; sourceTree = "<group>"; };
		44BFB84D2530C4900002899F /* SpreatUITests.xctest */ = {isa = PBXFileReference; explicitFileType = wrapper.cfbundle; includeInIndex = 0; path = SpreatUITests.xctest; sourceTree = BUILT_PRODUCTS_DIR; };
		44BFB8512530C4900002899F /* SpreatUITests.swift */ = {isa = PBXFileReference; lastKnownFileType = sourcecode.swift; path = SpreatUITests.swift; sourceTree = "<group>"; };
		44BFB8532530C4900002899F /* Info.plist */ = {isa = PBXFileReference; lastKnownFileType = text.plist.xml; path = Info.plist; sourceTree = "<group>"; };
		44BFB85F2530C93F0002899F /* COVIDFetchRequest.swift */ = {isa = PBXFileReference; lastKnownFileType = sourcecode.swift; path = COVIDFetchRequest.swift; sourceTree = "<group>"; };
		44BFB8612530CE100002899F /* COVIDModel.swift */ = {isa = PBXFileReference; lastKnownFileType = sourcecode.swift; path = COVIDModel.swift; sourceTree = "<group>"; };
		44BFB8662530E0D10002899F /* RecentsView.swift */ = {isa = PBXFileReference; lastKnownFileType = sourcecode.swift; path = RecentsView.swift; sourceTree = "<group>"; };
		44BFB8682530E3090002899F /* ListHeaderView.swift */ = {isa = PBXFileReference; lastKnownFileType = sourcecode.swift; path = ListHeaderView.swift; sourceTree = "<group>"; };
		44BFB86A2530E5EC0002899F /* CountryRowView.swift */ = {isa = PBXFileReference; lastKnownFileType = sourcecode.swift; path = CountryRowView.swift; sourceTree = "<group>"; };
		44BFB86D2530E8010002899F /* Int+Extensions.swift */ = {isa = PBXFileReference; lastKnownFileType = sourcecode.swift; path = "Int+Extensions.swift"; sourceTree = "<group>"; };
		4B96FF4DB7753044B8CA2AFB /* Pods-SpreatTests.release.xcconfig */ = {isa = PBXFileReference; includeInIndex = 1; lastKnownFileType = text.xcconfig; name = "Pods-SpreatTests.release.xcconfig"; path = "Target Support Files/Pods-SpreatTests/Pods-SpreatTests.release.xcconfig"; sourceTree = "<group>"; };
		6D2E3DD1AC42FDA893C24347 /* Pods-Spreat-SpreatUITests.debug.xcconfig */ = {isa = PBXFileReference; includeInIndex = 1; lastKnownFileType = text.xcconfig; name = "Pods-Spreat-SpreatUITests.debug.xcconfig"; path = "Target Support Files/Pods-Spreat-SpreatUITests/Pods-Spreat-SpreatUITests.debug.xcconfig"; sourceTree = "<group>"; };
		896951DFBE7A52F9681180EC /* Pods-Spreat-SpreatUITests.release.xcconfig */ = {isa = PBXFileReference; includeInIndex = 1; lastKnownFileType = text.xcconfig; name = "Pods-Spreat-SpreatUITests.release.xcconfig"; path = "Target Support Files/Pods-Spreat-SpreatUITests/Pods-Spreat-SpreatUITests.release.xcconfig"; sourceTree = "<group>"; };
		940D7FBEF67FA24A7B0BC3C6 /* Pods_SpreatTests.framework */ = {isa = PBXFileReference; explicitFileType = wrapper.framework; includeInIndex = 0; path = Pods_SpreatTests.framework; sourceTree = BUILT_PRODUCTS_DIR; };
		E03E95AF45CC6E616DB90FC0 /* Pods_Spreat_SpreatUITests.framework */ = {isa = PBXFileReference; explicitFileType = wrapper.framework; includeInIndex = 0; path = Pods_Spreat_SpreatUITests.framework; sourceTree = BUILT_PRODUCTS_DIR; };
		F47BF41638B6E1353B8EED41 /* Pods-Spreat.debug.xcconfig */ = {isa = PBXFileReference; includeInIndex = 1; lastKnownFileType = text.xcconfig; name = "Pods-Spreat.debug.xcconfig"; path = "Target Support Files/Pods-Spreat/Pods-Spreat.debug.xcconfig"; sourceTree = "<group>"; };
		F59C2BA8390331C45FCEE1B2 /* Pods-SpreatTests.debug.xcconfig */ = {isa = PBXFileReference; includeInIndex = 1; lastKnownFileType = text.xcconfig; name = "Pods-SpreatTests.debug.xcconfig"; path = "Target Support Files/Pods-SpreatTests/Pods-SpreatTests.debug.xcconfig"; sourceTree = "<group>"; };
/* End PBXFileReference section */

/* Begin PBXFrameworksBuildPhase section */
		4445D28A2573CBCA00D9E45B /* Frameworks */ = {
			isa = PBXFrameworksBuildPhase;
			buildActionMask = 2147483647;
			files = (
				4445D2912573CBCA00D9E45B /* SwiftUI.framework in Frameworks */,
				4445D28F2573CBCA00D9E45B /* WidgetKit.framework in Frameworks */,
			);
			runOnlyForDeploymentPostprocessing = 0;
		};
		44BFB8292530C48F0002899F /* Frameworks */ = {
			isa = PBXFrameworksBuildPhase;
			buildActionMask = 2147483647;
			files = (
				4421B6692549AEA000DAF830 /* Localize_Swift in Frameworks */,
				BECDC6A15DB1F8A682127D77 /* Pods_Spreat.framework in Frameworks */,
				4421B65B2549AE6100DAF830 /* SwiftUICharts in Frameworks */,
			);
			runOnlyForDeploymentPostprocessing = 0;
		};
		44BFB83F2530C4900002899F /* Frameworks */ = {
			isa = PBXFrameworksBuildPhase;
			buildActionMask = 2147483647;
			files = (
				729CA190D836CB9DE0D03AE5 /* Pods_SpreatTests.framework in Frameworks */,
			);
			runOnlyForDeploymentPostprocessing = 0;
		};
		44BFB84A2530C4900002899F /* Frameworks */ = {
			isa = PBXFrameworksBuildPhase;
			buildActionMask = 2147483647;
			files = (
				979238DAF0BF1C9CD54ED680 /* Pods_Spreat_SpreatUITests.framework in Frameworks */,
			);
			runOnlyForDeploymentPostprocessing = 0;
		};
/* End PBXFrameworksBuildPhase section */

/* Begin PBXGroup section */
		0CCEDF5186D0596BF5F5BCDB /* Pods */ = {
			isa = PBXGroup;
			children = (
				F47BF41638B6E1353B8EED41 /* Pods-Spreat.debug.xcconfig */,
				134BEDD70DD69C1740E3C1C8 /* Pods-Spreat.release.xcconfig */,
				6D2E3DD1AC42FDA893C24347 /* Pods-Spreat-SpreatUITests.debug.xcconfig */,
				896951DFBE7A52F9681180EC /* Pods-Spreat-SpreatUITests.release.xcconfig */,
				F59C2BA8390331C45FCEE1B2 /* Pods-SpreatTests.debug.xcconfig */,
				4B96FF4DB7753044B8CA2AFB /* Pods-SpreatTests.release.xcconfig */,
			);
			path = Pods;
			sourceTree = "<group>";
		};
		43C5905E4A69558FA178C1A7 /* Frameworks */ = {
			isa = PBXGroup;
			children = (
				2ED2891C93C501248B150AD3 /* Pods_Spreat.framework */,
				E03E95AF45CC6E616DB90FC0 /* Pods_Spreat_SpreatUITests.framework */,
				940D7FBEF67FA24A7B0BC3C6 /* Pods_SpreatTests.framework */,
				4445D28E2573CBCA00D9E45B /* WidgetKit.framework */,
				4445D2902573CBCA00D9E45B /* SwiftUI.framework */,
			);
			name = Frameworks;
			sourceTree = "<group>";
		};
		4401BA7D2536415400008CC5 /* Options */ = {
			isa = PBXGroup;
			children = (
				4401BA7E253641A400008CC5 /* OptionsView.swift */,
				4453BBE225694D33004810A3 /* OptionsRowView.swift */,
				4453BBE725694E12004810A3 /* OptionsLabelView.swift */,
			);
			path = Options;
			sourceTree = "<group>";
		};
		4445D2922573CBCA00D9E45B /* Spreat Widget */ = {
			isa = PBXGroup;
			children = (
				4445D2932573CBCA00D9E45B /* Spreat_Widget.swift */,
				4445D2952573CBCB00D9E45B /* Spreat_Widget.intentdefinition */,
				4445D2962573CBCB00D9E45B /* Assets.xcassets */,
				4445D2982573CBCB00D9E45B /* Info.plist */,
			);
			path = "Spreat Widget";
			sourceTree = "<group>";
		};
		44575161253C801E004F2718 /* Managers */ = {
			isa = PBXGroup;
			children = (
				4457515F253C7BB0004F2718 /* OptionsManager.swift */,
			);
			path = Managers;
			sourceTree = "<group>";
		};
		44A59B0E25360F9D00F02F9A /* Map */ = {
			isa = PBXGroup;
			children = (
				44AD35222531D50E00CB833E /* MapView.swift */,
				44AD35242531D8C600CB833E /* MapContainerView.swift */,
			);
			path = Map;
			sourceTree = "<group>";
		};
		44A59B0F25360FC700F02F9A /* News */ = {
			isa = PBXGroup;
			children = (
				44732E752534D82A0098792E /* NewsItemView.swift */,
				44732E772534DA4D0098792E /* NewsView.swift */,
			);
			path = News;
			sourceTree = "<group>";
		};
		44A59B1025360FDD00F02F9A /* Recents */ = {
			isa = PBXGroup;
			children = (
				44BFB8662530E0D10002899F /* RecentsView.swift */,
				44BFB8682530E3090002899F /* ListHeaderView.swift */,
				44BFB86A2530E5EC0002899F /* CountryRowView.swift */,
				44AD35182531B83500CB833E /* WorldDataCard.swift */,
				44AD351A2531BB0A00CB833E /* WorldDataView.swift */,
				44AD351C2531C30800CB833E /* SearchView.swift */,
				44AD351E2531C85800CB833E /* CountryDetailsRow.swift */,
				44AD35202531CCA600CB833E /* CountryDetailsView.swift */,
			);
			path = Recents;
			sourceTree = "<group>";
		};
		44A59B13253615F700F02F9A /* Localizable */ = {
			isa = PBXGroup;
			children = (
				44A59B18253617F200F02F9A /* Localizable.strings */,
			);
			path = Localizable;
			sourceTree = "<group>";
		};
		44BF89482560481F00E96155 /* Onboarding */ = {
			isa = PBXGroup;
			children = (
				44BF89492560483700E96155 /* OnboardingView.swift */,
				44BF894E2560492300E96155 /* OnboardingCardView.swift */,
			);
			path = Onboarding;
			sourceTree = "<group>";
		};
		44BFB8232530C48F0002899F = {
			isa = PBXGroup;
			children = (
				44BFB82E2530C48F0002899F /* Spreat */,
				44BFB8452530C4900002899F /* SpreatTests */,
				44BFB8502530C4900002899F /* SpreatUITests */,
				4445D2922573CBCA00D9E45B /* Spreat Widget */,
				44BFB82D2530C48F0002899F /* Products */,
				0CCEDF5186D0596BF5F5BCDB /* Pods */,
				43C5905E4A69558FA178C1A7 /* Frameworks */,
			);
			sourceTree = "<group>";
		};
		44BFB82D2530C48F0002899F /* Products */ = {
			isa = PBXGroup;
			children = (
				44BFB82C2530C48F0002899F /* Spreat.app */,
				44BFB8422530C4900002899F /* SpreatTests.xctest */,
				44BFB84D2530C4900002899F /* SpreatUITests.xctest */,
				4445D28D2573CBCA00D9E45B /* Spreat WidgetExtension.appex */,
			);
			name = Products;
			sourceTree = "<group>";
		};
		44BFB82E2530C48F0002899F /* Spreat */ = {
			isa = PBXGroup;
			children = (
				44BFB8632530E0870002899F /* Resources */,
				44BFB8642530E0960002899F /* Models */,
				44BFB8652530E0A10002899F /* Views */,
				44575161253C801E004F2718 /* Managers */,
				44BFB86C2530E7EC0002899F /* Extensions */,
				44A59B13253615F700F02F9A /* Localizable */,
				44BFB83D2530C4900002899F /* Info.plist */,
				44BFB8372530C4900002899F /* Preview Content */,
			);
			path = Spreat;
			sourceTree = "<group>";
		};
		44BFB8372530C4900002899F /* Preview Content */ = {
			isa = PBXGroup;
			children = (
				44BFB8382530C4900002899F /* Preview Assets.xcassets */,
			);
			path = "Preview Content";
			sourceTree = "<group>";
		};
		44BFB8452530C4900002899F /* SpreatTests */ = {
			isa = PBXGroup;
			children = (
				44BFB8462530C4900002899F /* SpreatTests.swift */,
				44BFB8482530C4900002899F /* Info.plist */,
			);
			path = SpreatTests;
			sourceTree = "<group>";
		};
		44BFB8502530C4900002899F /* SpreatUITests */ = {
			isa = PBXGroup;
			children = (
				44BFB8512530C4900002899F /* SpreatUITests.swift */,
				44BFB8532530C4900002899F /* Info.plist */,
			);
			path = SpreatUITests;
			sourceTree = "<group>";
		};
		44BFB8632530E0870002899F /* Resources */ = {
			isa = PBXGroup;
			children = (
				44BFB82F2530C48F0002899F /* AppDelegate.swift */,
				44BFB8312530C48F0002899F /* SceneDelegate.swift */,
				44BFB8352530C4900002899F /* Assets.xcassets */,
				44BFB83A2530C4900002899F /* LaunchScreen.storyboard */,
			);
			path = Resources;
			sourceTree = "<group>";
		};
		44BFB8642530E0960002899F /* Models */ = {
			isa = PBXGroup;
			children = (
				44BFB8612530CE100002899F /* COVIDModel.swift */,
				44BFB85F2530C93F0002899F /* COVIDFetchRequest.swift */,
				44AD35262531DD2100CB833E /* COVIDCountryFetchRequest.swift */,
				44732E732534D1320098792E /* COVIDNewsFetchRequest.swift */,
				44BF89532560496700E96155 /* OnboardingCardModel.swift */,
			);
			path = Models;
			sourceTree = "<group>";
		};
		44BFB8652530E0A10002899F /* Views */ = {
			isa = PBXGroup;
			children = (
				44BF89482560481F00E96155 /* Onboarding */,
				44A59B1025360FDD00F02F9A /* Recents */,
				44A59B0E25360F9D00F02F9A /* Map */,
				44A59B0F25360FC700F02F9A /* News */,
				4401BA7D2536415400008CC5 /* Options */,
			);
			path = Views;
			sourceTree = "<group>";
		};
		44BFB86C2530E7EC0002899F /* Extensions */ = {
			isa = PBXGroup;
			children = (
				44BFB86D2530E8010002899F /* Int+Extensions.swift */,
			);
			path = Extensions;
			sourceTree = "<group>";
		};
/* End PBXGroup section */

/* Begin PBXNativeTarget section */
		4445D28C2573CBCA00D9E45B /* Spreat WidgetExtension */ = {
			isa = PBXNativeTarget;
			buildConfigurationList = 4445D2A12573CBCB00D9E45B /* Build configuration list for PBXNativeTarget "Spreat WidgetExtension" */;
			buildPhases = (
				4445D2892573CBCA00D9E45B /* Sources */,
				4445D28A2573CBCA00D9E45B /* Frameworks */,
				4445D28B2573CBCA00D9E45B /* Resources */,
			);
			buildRules = (
			);
			dependencies = (
			);
			name = "Spreat WidgetExtension";
			productName = "Spreat WidgetExtension";
			productReference = 4445D28D2573CBCA00D9E45B /* Spreat WidgetExtension.appex */;
			productType = "com.apple.product-type.app-extension";
		};
		44BFB82B2530C48F0002899F /* Spreat */ = {
			isa = PBXNativeTarget;
			buildConfigurationList = 44BFB8562530C4900002899F /* Build configuration list for PBXNativeTarget "Spreat" */;
			buildPhases = (
				F3D33F7AEA77F511AF18DD1C /* [CP] Check Pods Manifest.lock */,
				44BFB8282530C48F0002899F /* Sources */,
				44BFB8292530C48F0002899F /* Frameworks */,
				44BFB82A2530C48F0002899F /* Resources */,
				5FE61BB778837A09964B71E6 /* [CP] Embed Pods Frameworks */,
				4445D29E2573CBCB00D9E45B /* Embed App Extensions */,
			);
			buildRules = (
			);
			dependencies = (
				4445D29C2573CBCB00D9E45B /* PBXTargetDependency */,
			);
			name = Spreat;
			packageProductDependencies = (
				4421B65A2549AE6100DAF830 /* SwiftUICharts */,
				4421B6682549AEA000DAF830 /* Localize_Swift */,
			);
			productName = Spreat;
			productReference = 44BFB82C2530C48F0002899F /* Spreat.app */;
			productType = "com.apple.product-type.application";
		};
		44BFB8412530C4900002899F /* SpreatTests */ = {
			isa = PBXNativeTarget;
			buildConfigurationList = 44BFB8592530C4900002899F /* Build configuration list for PBXNativeTarget "SpreatTests" */;
			buildPhases = (
				A0A61DB061CF08A002DC21A7 /* [CP] Check Pods Manifest.lock */,
				44BFB83E2530C4900002899F /* Sources */,
				44BFB83F2530C4900002899F /* Frameworks */,
				44BFB8402530C4900002899F /* Resources */,
			);
			buildRules = (
			);
			dependencies = (
				44BFB8442530C4900002899F /* PBXTargetDependency */,
			);
			name = SpreatTests;
			productName = SpreatTests;
			productReference = 44BFB8422530C4900002899F /* SpreatTests.xctest */;
			productType = "com.apple.product-type.bundle.unit-test";
		};
		44BFB84C2530C4900002899F /* SpreatUITests */ = {
			isa = PBXNativeTarget;
			buildConfigurationList = 44BFB85C2530C4900002899F /* Build configuration list for PBXNativeTarget "SpreatUITests" */;
			buildPhases = (
				F8E916675AF13F38467441A7 /* [CP] Check Pods Manifest.lock */,
				44BFB8492530C4900002899F /* Sources */,
				44BFB84A2530C4900002899F /* Frameworks */,
				44BFB84B2530C4900002899F /* Resources */,
				9D67624EF9B17A56E0B06DA2 /* [CP] Embed Pods Frameworks */,
			);
			buildRules = (
			);
			dependencies = (
				44BFB84F2530C4900002899F /* PBXTargetDependency */,
			);
			name = SpreatUITests;
			productName = SpreatUITests;
			productReference = 44BFB84D2530C4900002899F /* SpreatUITests.xctest */;
			productType = "com.apple.product-type.bundle.ui-testing";
		};
/* End PBXNativeTarget section */

/* Begin PBXProject section */
		44BFB8242530C48F0002899F /* Project object */ = {
			isa = PBXProject;
			attributes = {
				LastSwiftUpdateCheck = 1220;
				LastUpgradeCheck = 1220;
				ORGANIZATIONNAME = "Yuşa Sarısoy";
				TargetAttributes = {
					4445D28C2573CBCA00D9E45B = {
						CreatedOnToolsVersion = 12.2;
					};
					44BFB82B2530C48F0002899F = {
						CreatedOnToolsVersion = 11.7;
					};
					44BFB8412530C4900002899F = {
						CreatedOnToolsVersion = 11.7;
						TestTargetID = 44BFB82B2530C48F0002899F;
					};
					44BFB84C2530C4900002899F = {
						CreatedOnToolsVersion = 11.7;
						TestTargetID = 44BFB82B2530C48F0002899F;
					};
				};
			};
			buildConfigurationList = 44BFB8272530C48F0002899F /* Build configuration list for PBXProject "Spreat" */;
			compatibilityVersion = "Xcode 9.3";
			developmentRegion = en;
			hasScannedForEncodings = 0;
			knownRegions = (
				en,
				Base,
				de,
				tr,
				es,
				ru,
				ja,
				it,
				nl,
				ar,
				fr,
			);
			mainGroup = 44BFB8232530C48F0002899F;
			packageReferences = (
				4421B6592549AE6100DAF830 /* XCRemoteSwiftPackageReference "ChartView" */,
				4421B6672549AEA000DAF830 /* XCRemoteSwiftPackageReference "Localize-Swift" */,
			);
			productRefGroup = 44BFB82D2530C48F0002899F /* Products */;
			projectDirPath = "";
			projectRoot = "";
			targets = (
				44BFB82B2530C48F0002899F /* Spreat */,
				44BFB8412530C4900002899F /* SpreatTests */,
				44BFB84C2530C4900002899F /* SpreatUITests */,
				4445D28C2573CBCA00D9E45B /* Spreat WidgetExtension */,
			);
		};
/* End PBXProject section */

/* Begin PBXResourcesBuildPhase section */
		4445D28B2573CBCA00D9E45B /* Resources */ = {
			isa = PBXResourcesBuildPhase;
			buildActionMask = 2147483647;
			files = (
				4445D2972573CBCB00D9E45B /* Assets.xcassets in Resources */,
			);
			runOnlyForDeploymentPostprocessing = 0;
		};
		44BFB82A2530C48F0002899F /* Resources */ = {
			isa = PBXResourcesBuildPhase;
			buildActionMask = 2147483647;
			files = (
				44BFB83C2530C4900002899F /* LaunchScreen.storyboard in Resources */,
				44A59B16253617F200F02F9A /* Localizable.strings in Resources */,
				44BFB8392530C4900002899F /* Preview Assets.xcassets in Resources */,
				44BFB8362530C4900002899F /* Assets.xcassets in Resources */,
			);
			runOnlyForDeploymentPostprocessing = 0;
		};
		44BFB8402530C4900002899F /* Resources */ = {
			isa = PBXResourcesBuildPhase;
			buildActionMask = 2147483647;
			files = (
			);
			runOnlyForDeploymentPostprocessing = 0;
		};
		44BFB84B2530C4900002899F /* Resources */ = {
			isa = PBXResourcesBuildPhase;
			buildActionMask = 2147483647;
			files = (
			);
			runOnlyForDeploymentPostprocessing = 0;
		};
/* End PBXResourcesBuildPhase section */

/* Begin PBXShellScriptBuildPhase section */
		5FE61BB778837A09964B71E6 /* [CP] Embed Pods Frameworks */ = {
			isa = PBXShellScriptBuildPhase;
			buildActionMask = 2147483647;
			files = (
			);
			inputFileListPaths = (
				"${PODS_ROOT}/Target Support Files/Pods-Spreat/Pods-Spreat-frameworks-${CONFIGURATION}-input-files.xcfilelist",
			);
			name = "[CP] Embed Pods Frameworks";
			outputFileListPaths = (
				"${PODS_ROOT}/Target Support Files/Pods-Spreat/Pods-Spreat-frameworks-${CONFIGURATION}-output-files.xcfilelist",
			);
			runOnlyForDeploymentPostprocessing = 0;
			shellPath = /bin/sh;
			shellScript = "\"${PODS_ROOT}/Target Support Files/Pods-Spreat/Pods-Spreat-frameworks.sh\"\n";
			showEnvVarsInLog = 0;
		};
		9D67624EF9B17A56E0B06DA2 /* [CP] Embed Pods Frameworks */ = {
			isa = PBXShellScriptBuildPhase;
			buildActionMask = 2147483647;
			files = (
			);
			inputFileListPaths = (
				"${PODS_ROOT}/Target Support Files/Pods-Spreat-SpreatUITests/Pods-Spreat-SpreatUITests-frameworks-${CONFIGURATION}-input-files.xcfilelist",
			);
			name = "[CP] Embed Pods Frameworks";
			outputFileListPaths = (
				"${PODS_ROOT}/Target Support Files/Pods-Spreat-SpreatUITests/Pods-Spreat-SpreatUITests-frameworks-${CONFIGURATION}-output-files.xcfilelist",
			);
			runOnlyForDeploymentPostprocessing = 0;
			shellPath = /bin/sh;
			shellScript = "\"${PODS_ROOT}/Target Support Files/Pods-Spreat-SpreatUITests/Pods-Spreat-SpreatUITests-frameworks.sh\"\n";
			showEnvVarsInLog = 0;
		};
		A0A61DB061CF08A002DC21A7 /* [CP] Check Pods Manifest.lock */ = {
			isa = PBXShellScriptBuildPhase;
			buildActionMask = 2147483647;
			files = (
			);
			inputFileListPaths = (
			);
			inputPaths = (
				"${PODS_PODFILE_DIR_PATH}/Podfile.lock",
				"${PODS_ROOT}/Manifest.lock",
			);
			name = "[CP] Check Pods Manifest.lock";
			outputFileListPaths = (
			);
			outputPaths = (
				"$(DERIVED_FILE_DIR)/Pods-SpreatTests-checkManifestLockResult.txt",
			);
			runOnlyForDeploymentPostprocessing = 0;
			shellPath = /bin/sh;
			shellScript = "diff \"${PODS_PODFILE_DIR_PATH}/Podfile.lock\" \"${PODS_ROOT}/Manifest.lock\" > /dev/null\nif [ $? != 0 ] ; then\n    # print error to STDERR\n    echo \"error: The sandbox is not in sync with the Podfile.lock. Run 'pod install' or update your CocoaPods installation.\" >&2\n    exit 1\nfi\n# This output is used by Xcode 'outputs' to avoid re-running this script phase.\necho \"SUCCESS\" > \"${SCRIPT_OUTPUT_FILE_0}\"\n";
			showEnvVarsInLog = 0;
		};
		F3D33F7AEA77F511AF18DD1C /* [CP] Check Pods Manifest.lock */ = {
			isa = PBXShellScriptBuildPhase;
			buildActionMask = 2147483647;
			files = (
			);
			inputFileListPaths = (
			);
			inputPaths = (
				"${PODS_PODFILE_DIR_PATH}/Podfile.lock",
				"${PODS_ROOT}/Manifest.lock",
			);
			name = "[CP] Check Pods Manifest.lock";
			outputFileListPaths = (
			);
			outputPaths = (
				"$(DERIVED_FILE_DIR)/Pods-Spreat-checkManifestLockResult.txt",
			);
			runOnlyForDeploymentPostprocessing = 0;
			shellPath = /bin/sh;
			shellScript = "diff \"${PODS_PODFILE_DIR_PATH}/Podfile.lock\" \"${PODS_ROOT}/Manifest.lock\" > /dev/null\nif [ $? != 0 ] ; then\n    # print error to STDERR\n    echo \"error: The sandbox is not in sync with the Podfile.lock. Run 'pod install' or update your CocoaPods installation.\" >&2\n    exit 1\nfi\n# This output is used by Xcode 'outputs' to avoid re-running this script phase.\necho \"SUCCESS\" > \"${SCRIPT_OUTPUT_FILE_0}\"\n";
			showEnvVarsInLog = 0;
		};
		F8E916675AF13F38467441A7 /* [CP] Check Pods Manifest.lock */ = {
			isa = PBXShellScriptBuildPhase;
			buildActionMask = 2147483647;
			files = (
			);
			inputFileListPaths = (
			);
			inputPaths = (
				"${PODS_PODFILE_DIR_PATH}/Podfile.lock",
				"${PODS_ROOT}/Manifest.lock",
			);
			name = "[CP] Check Pods Manifest.lock";
			outputFileListPaths = (
			);
			outputPaths = (
				"$(DERIVED_FILE_DIR)/Pods-Spreat-SpreatUITests-checkManifestLockResult.txt",
			);
			runOnlyForDeploymentPostprocessing = 0;
			shellPath = /bin/sh;
			shellScript = "diff \"${PODS_PODFILE_DIR_PATH}/Podfile.lock\" \"${PODS_ROOT}/Manifest.lock\" > /dev/null\nif [ $? != 0 ] ; then\n    # print error to STDERR\n    echo \"error: The sandbox is not in sync with the Podfile.lock. Run 'pod install' or update your CocoaPods installation.\" >&2\n    exit 1\nfi\n# This output is used by Xcode 'outputs' to avoid re-running this script phase.\necho \"SUCCESS\" > \"${SCRIPT_OUTPUT_FILE_0}\"\n";
			showEnvVarsInLog = 0;
		};
/* End PBXShellScriptBuildPhase section */

/* Begin PBXSourcesBuildPhase section */
		4445D2892573CBCA00D9E45B /* Sources */ = {
			isa = PBXSourcesBuildPhase;
			buildActionMask = 2147483647;
			files = (
				4445D2942573CBCA00D9E45B /* Spreat_Widget.swift in Sources */,
				4445D2992573CBCB00D9E45B /* Spreat_Widget.intentdefinition in Sources */,
			);
			runOnlyForDeploymentPostprocessing = 0;
		};
		44BFB8282530C48F0002899F /* Sources */ = {
			isa = PBXSourcesBuildPhase;
			buildActionMask = 2147483647;
			files = (
				44BFB86E2530E8010002899F /* Int+Extensions.swift in Sources */,
				44BFB8692530E3090002899F /* ListHeaderView.swift in Sources */,
				44AD35272531DD2100CB833E /* COVIDCountryFetchRequest.swift in Sources */,
				4401BA7F253641A400008CC5 /* OptionsView.swift in Sources */,
				44BFB8622530CE100002899F /* COVIDModel.swift in Sources */,
				44BF894F2560492300E96155 /* OnboardingCardView.swift in Sources */,
				4453BBE825694E12004810A3 /* OptionsLabelView.swift in Sources */,
				44BFB8672530E0D10002899F /* RecentsView.swift in Sources */,
				44AD351D2531C30800CB833E /* SearchView.swift in Sources */,
				4445D29A2573CBCB00D9E45B /* Spreat_Widget.intentdefinition in Sources */,
				44AD351F2531C85800CB833E /* CountryDetailsRow.swift in Sources */,
				44AD35192531B83500CB833E /* WorldDataCard.swift in Sources */,
				44732E762534D82A0098792E /* NewsItemView.swift in Sources */,
				44AD35232531D50E00CB833E /* MapView.swift in Sources */,
				44732E742534D1320098792E /* COVIDNewsFetchRequest.swift in Sources */,
				44BFB8302530C48F0002899F /* AppDelegate.swift in Sources */,
				44AD35212531CCA600CB833E /* CountryDetailsView.swift in Sources */,
				44732E782534DA4D0098792E /* NewsView.swift in Sources */,
				44BFB8322530C48F0002899F /* SceneDelegate.swift in Sources */,
				44BFB8602530C93F0002899F /* COVIDFetchRequest.swift in Sources */,
				44BF89542560496700E96155 /* OnboardingCardModel.swift in Sources */,
				44BFB86B2530E5EC0002899F /* CountryRowView.swift in Sources */,
				4453BBE325694D33004810A3 /* OptionsRowView.swift in Sources */,
				44575160253C7BB0004F2718 /* OptionsManager.swift in Sources */,
				44AD35252531D8C600CB833E /* MapContainerView.swift in Sources */,
				44AD351B2531BB0A00CB833E /* WorldDataView.swift in Sources */,
				44BF894A2560483700E96155 /* OnboardingView.swift in Sources */,
			);
			runOnlyForDeploymentPostprocessing = 0;
		};
		44BFB83E2530C4900002899F /* Sources */ = {
			isa = PBXSourcesBuildPhase;
			buildActionMask = 2147483647;
			files = (
				44BFB8472530C4900002899F /* SpreatTests.swift in Sources */,
			);
			runOnlyForDeploymentPostprocessing = 0;
		};
		44BFB8492530C4900002899F /* Sources */ = {
			isa = PBXSourcesBuildPhase;
			buildActionMask = 2147483647;
			files = (
				44BFB8522530C4900002899F /* SpreatUITests.swift in Sources */,
			);
			runOnlyForDeploymentPostprocessing = 0;
		};
/* End PBXSourcesBuildPhase section */

/* Begin PBXTargetDependency section */
		4445D29C2573CBCB00D9E45B /* PBXTargetDependency */ = {
			isa = PBXTargetDependency;
			target = 4445D28C2573CBCA00D9E45B /* Spreat WidgetExtension */;
			targetProxy = 4445D29B2573CBCB00D9E45B /* PBXContainerItemProxy */;
		};
		44BFB8442530C4900002899F /* PBXTargetDependency */ = {
			isa = PBXTargetDependency;
			target = 44BFB82B2530C48F0002899F /* Spreat */;
			targetProxy = 44BFB8432530C4900002899F /* PBXContainerItemProxy */;
		};
		44BFB84F2530C4900002899F /* PBXTargetDependency */ = {
			isa = PBXTargetDependency;
			target = 44BFB82B2530C48F0002899F /* Spreat */;
			targetProxy = 44BFB84E2530C4900002899F /* PBXContainerItemProxy */;
		};
/* End PBXTargetDependency section */

/* Begin PBXVariantGroup section */
		44A59B18253617F200F02F9A /* Localizable.strings */ = {
			isa = PBXVariantGroup;
			children = (
				44A59B17253617F200F02F9A /* en */,
				44A59B232536188500F02F9A /* ar */,
				44A59B242536188600F02F9A /* nl */,
				44A59B252536188600F02F9A /* fr */,
				44A59B262536188700F02F9A /* de */,
				44A59B272536188700F02F9A /* it */,
				44A59B282536188800F02F9A /* ja */,
				44A59B292536188800F02F9A /* ru */,
				44A59B2A2536188900F02F9A /* es */,
				44A59B2B2536188900F02F9A /* tr */,
			);
			name = Localizable.strings;
			sourceTree = "<group>";
		};
		44BFB83A2530C4900002899F /* LaunchScreen.storyboard */ = {
			isa = PBXVariantGroup;
			children = (
				44BFB83B2530C4900002899F /* Base */,
				44A59B12253615BA00F02F9A /* de */,
				44A59B1B2536183100F02F9A /* tr */,
				44A59B1C2536183A00F02F9A /* es */,
				44A59B1D2536184800F02F9A /* ru */,
				44A59B1E2536185400F02F9A /* ja */,
				44A59B1F2536185F00F02F9A /* it */,
				44A59B202536186500F02F9A /* nl */,
				44A59B212536186C00F02F9A /* ar */,
				44A59B222536187700F02F9A /* fr */,
			);
			name = LaunchScreen.storyboard;
			sourceTree = "<group>";
		};
/* End PBXVariantGroup section */

/* Begin XCBuildConfiguration section */
		4445D29F2573CBCB00D9E45B /* Debug */ = {
			isa = XCBuildConfiguration;
			buildSettings = {
				ASSETCATALOG_COMPILER_GLOBAL_ACCENT_COLOR_NAME = AccentColor;
				ASSETCATALOG_COMPILER_WIDGET_BACKGROUND_COLOR_NAME = WidgetBackground;
				CODE_SIGN_STYLE = Automatic;
				DEVELOPMENT_TEAM = 9DLL4KWB96;
				INFOPLIST_FILE = "Spreat Widget/Info.plist";
				IPHONEOS_DEPLOYMENT_TARGET = 14.2;
				LD_RUNPATH_SEARCH_PATHS = (
					"$(inherited)",
					"@executable_path/Frameworks",
					"@executable_path/../../Frameworks",
				);
				PRODUCT_BUNDLE_IDENTIFIER = "com.icloud.yusasarisoy.Spreat.Spreat-Widget";
				PRODUCT_NAME = "$(TARGET_NAME)";
				SKIP_INSTALL = YES;
				SWIFT_VERSION = 5.0;
				TARGETED_DEVICE_FAMILY = "1,2";
			};
			name = Debug;
		};
		4445D2A02573CBCB00D9E45B /* Release */ = {
			isa = XCBuildConfiguration;
			buildSettings = {
				ASSETCATALOG_COMPILER_GLOBAL_ACCENT_COLOR_NAME = AccentColor;
				ASSETCATALOG_COMPILER_WIDGET_BACKGROUND_COLOR_NAME = WidgetBackground;
				CODE_SIGN_STYLE = Automatic;
				DEVELOPMENT_TEAM = 9DLL4KWB96;
				INFOPLIST_FILE = "Spreat Widget/Info.plist";
				IPHONEOS_DEPLOYMENT_TARGET = 14.2;
				LD_RUNPATH_SEARCH_PATHS = (
					"$(inherited)",
					"@executable_path/Frameworks",
					"@executable_path/../../Frameworks",
				);
				PRODUCT_BUNDLE_IDENTIFIER = "com.icloud.yusasarisoy.Spreat.Spreat-Widget";
				PRODUCT_NAME = "$(TARGET_NAME)";
				SKIP_INSTALL = YES;
				SWIFT_VERSION = 5.0;
				TARGETED_DEVICE_FAMILY = "1,2";
			};
			name = Release;
		};
		44BFB8542530C4900002899F /* Debug */ = {
			isa = XCBuildConfiguration;
			buildSettings = {
				ALWAYS_SEARCH_USER_PATHS = NO;
				CLANG_ANALYZER_LOCALIZABILITY_NONLOCALIZED = YES;
				CLANG_ANALYZER_NONNULL = YES;
				CLANG_ANALYZER_NUMBER_OBJECT_CONVERSION = YES_AGGRESSIVE;
				CLANG_CXX_LANGUAGE_STANDARD = "gnu++14";
				CLANG_CXX_LIBRARY = "libc++";
				CLANG_ENABLE_MODULES = YES;
				CLANG_ENABLE_OBJC_ARC = YES;
				CLANG_ENABLE_OBJC_WEAK = YES;
				CLANG_WARN_BLOCK_CAPTURE_AUTORELEASING = YES;
				CLANG_WARN_BOOL_CONVERSION = YES;
				CLANG_WARN_COMMA = YES;
				CLANG_WARN_CONSTANT_CONVERSION = YES;
				CLANG_WARN_DEPRECATED_OBJC_IMPLEMENTATIONS = YES;
				CLANG_WARN_DIRECT_OBJC_ISA_USAGE = YES_ERROR;
				CLANG_WARN_DOCUMENTATION_COMMENTS = YES;
				CLANG_WARN_EMPTY_BODY = YES;
				CLANG_WARN_ENUM_CONVERSION = YES;
				CLANG_WARN_INFINITE_RECURSION = YES;
				CLANG_WARN_INT_CONVERSION = YES;
				CLANG_WARN_NON_LITERAL_NULL_CONVERSION = YES;
				CLANG_WARN_OBJC_IMPLICIT_RETAIN_SELF = YES;
				CLANG_WARN_OBJC_LITERAL_CONVERSION = YES;
				CLANG_WARN_OBJC_ROOT_CLASS = YES_ERROR;
				CLANG_WARN_QUOTED_INCLUDE_IN_FRAMEWORK_HEADER = YES;
				CLANG_WARN_RANGE_LOOP_ANALYSIS = YES;
				CLANG_WARN_STRICT_PROTOTYPES = YES;
				CLANG_WARN_SUSPICIOUS_MOVE = YES;
				CLANG_WARN_UNGUARDED_AVAILABILITY = YES_AGGRESSIVE;
				CLANG_WARN_UNREACHABLE_CODE = YES;
				CLANG_WARN__DUPLICATE_METHOD_MATCH = YES;
				COPY_PHASE_STRIP = NO;
				DEBUG_INFORMATION_FORMAT = dwarf;
				ENABLE_STRICT_OBJC_MSGSEND = YES;
				ENABLE_TESTABILITY = YES;
				GCC_C_LANGUAGE_STANDARD = gnu11;
				GCC_DYNAMIC_NO_PIC = NO;
				GCC_NO_COMMON_BLOCKS = YES;
				GCC_OPTIMIZATION_LEVEL = 0;
				GCC_PREPROCESSOR_DEFINITIONS = (
					"DEBUG=1",
					"$(inherited)",
				);
				GCC_WARN_64_TO_32_BIT_CONVERSION = YES;
				GCC_WARN_ABOUT_RETURN_TYPE = YES_ERROR;
				GCC_WARN_UNDECLARED_SELECTOR = YES;
				GCC_WARN_UNINITIALIZED_AUTOS = YES_AGGRESSIVE;
				GCC_WARN_UNUSED_FUNCTION = YES;
				GCC_WARN_UNUSED_VARIABLE = YES;
				IPHONEOS_DEPLOYMENT_TARGET = 13.7;
				MTL_ENABLE_DEBUG_INFO = INCLUDE_SOURCE;
				MTL_FAST_MATH = YES;
				ONLY_ACTIVE_ARCH = YES;
				SDKROOT = iphoneos;
				SWIFT_ACTIVE_COMPILATION_CONDITIONS = DEBUG;
				SWIFT_OPTIMIZATION_LEVEL = "-Onone";
			};
			name = Debug;
		};
		44BFB8552530C4900002899F /* Release */ = {
			isa = XCBuildConfiguration;
			buildSettings = {
				ALWAYS_SEARCH_USER_PATHS = NO;
				CLANG_ANALYZER_LOCALIZABILITY_NONLOCALIZED = YES;
				CLANG_ANALYZER_NONNULL = YES;
				CLANG_ANALYZER_NUMBER_OBJECT_CONVERSION = YES_AGGRESSIVE;
				CLANG_CXX_LANGUAGE_STANDARD = "gnu++14";
				CLANG_CXX_LIBRARY = "libc++";
				CLANG_ENABLE_MODULES = YES;
				CLANG_ENABLE_OBJC_ARC = YES;
				CLANG_ENABLE_OBJC_WEAK = YES;
				CLANG_WARN_BLOCK_CAPTURE_AUTORELEASING = YES;
				CLANG_WARN_BOOL_CONVERSION = YES;
				CLANG_WARN_COMMA = YES;
				CLANG_WARN_CONSTANT_CONVERSION = YES;
				CLANG_WARN_DEPRECATED_OBJC_IMPLEMENTATIONS = YES;
				CLANG_WARN_DIRECT_OBJC_ISA_USAGE = YES_ERROR;
				CLANG_WARN_DOCUMENTATION_COMMENTS = YES;
				CLANG_WARN_EMPTY_BODY = YES;
				CLANG_WARN_ENUM_CONVERSION = YES;
				CLANG_WARN_INFINITE_RECURSION = YES;
				CLANG_WARN_INT_CONVERSION = YES;
				CLANG_WARN_NON_LITERAL_NULL_CONVERSION = YES;
				CLANG_WARN_OBJC_IMPLICIT_RETAIN_SELF = YES;
				CLANG_WARN_OBJC_LITERAL_CONVERSION = YES;
				CLANG_WARN_OBJC_ROOT_CLASS = YES_ERROR;
				CLANG_WARN_QUOTED_INCLUDE_IN_FRAMEWORK_HEADER = YES;
				CLANG_WARN_RANGE_LOOP_ANALYSIS = YES;
				CLANG_WARN_STRICT_PROTOTYPES = YES;
				CLANG_WARN_SUSPICIOUS_MOVE = YES;
				CLANG_WARN_UNGUARDED_AVAILABILITY = YES_AGGRESSIVE;
				CLANG_WARN_UNREACHABLE_CODE = YES;
				CLANG_WARN__DUPLICATE_METHOD_MATCH = YES;
				COPY_PHASE_STRIP = NO;
				DEBUG_INFORMATION_FORMAT = "dwarf-with-dsym";
				ENABLE_NS_ASSERTIONS = NO;
				ENABLE_STRICT_OBJC_MSGSEND = YES;
				GCC_C_LANGUAGE_STANDARD = gnu11;
				GCC_NO_COMMON_BLOCKS = YES;
				GCC_WARN_64_TO_32_BIT_CONVERSION = YES;
				GCC_WARN_ABOUT_RETURN_TYPE = YES_ERROR;
				GCC_WARN_UNDECLARED_SELECTOR = YES;
				GCC_WARN_UNINITIALIZED_AUTOS = YES_AGGRESSIVE;
				GCC_WARN_UNUSED_FUNCTION = YES;
				GCC_WARN_UNUSED_VARIABLE = YES;
				IPHONEOS_DEPLOYMENT_TARGET = 13.7;
				MTL_ENABLE_DEBUG_INFO = NO;
				MTL_FAST_MATH = YES;
				SDKROOT = iphoneos;
				SWIFT_COMPILATION_MODE = wholemodule;
				SWIFT_OPTIMIZATION_LEVEL = "-O";
				VALIDATE_PRODUCT = YES;
			};
			name = Release;
		};
		44BFB8572530C4900002899F /* Debug */ = {
			isa = XCBuildConfiguration;
			baseConfigurationReference = F47BF41638B6E1353B8EED41 /* Pods-Spreat.debug.xcconfig */;
			buildSettings = {
				ALWAYS_EMBED_SWIFT_STANDARD_LIBRARIES = YES;
				ASSETCATALOG_COMPILER_APPICON_NAME = AppIcon;
				CODE_SIGN_STYLE = Automatic;
				DEVELOPMENT_ASSET_PATHS = "\"Spreat/Preview Content\"";
				DEVELOPMENT_TEAM = 9DLL4KWB96;
				ENABLE_PREVIEWS = YES;
				INFOPLIST_FILE = Spreat/Info.plist;
				LD_RUNPATH_SEARCH_PATHS = (
					"$(inherited)",
					"@executable_path/Frameworks",
				);
				PRODUCT_BUNDLE_IDENTIFIER = com.icloud.yusasarisoy.Spreat;
				PRODUCT_NAME = "$(TARGET_NAME)";
				SWIFT_VERSION = 5.0;
				TARGETED_DEVICE_FAMILY = "1,2";
			};
			name = Debug;
		};
		44BFB8582530C4900002899F /* Release */ = {
			isa = XCBuildConfiguration;
			baseConfigurationReference = 134BEDD70DD69C1740E3C1C8 /* Pods-Spreat.release.xcconfig */;
			buildSettings = {
				ALWAYS_EMBED_SWIFT_STANDARD_LIBRARIES = YES;
				ASSETCATALOG_COMPILER_APPICON_NAME = AppIcon;
				CODE_SIGN_STYLE = Automatic;
				DEVELOPMENT_ASSET_PATHS = "\"Spreat/Preview Content\"";
				DEVELOPMENT_TEAM = 9DLL4KWB96;
				ENABLE_PREVIEWS = YES;
				INFOPLIST_FILE = Spreat/Info.plist;
				LD_RUNPATH_SEARCH_PATHS = (
					"$(inherited)",
					"@executable_path/Frameworks",
				);
				PRODUCT_BUNDLE_IDENTIFIER = com.icloud.yusasarisoy.Spreat;
				PRODUCT_NAME = "$(TARGET_NAME)";
				SWIFT_VERSION = 5.0;
				TARGETED_DEVICE_FAMILY = "1,2";
			};
			name = Release;
		};
		44BFB85A2530C4900002899F /* Debug */ = {
			isa = XCBuildConfiguration;
			baseConfigurationReference = F59C2BA8390331C45FCEE1B2 /* Pods-SpreatTests.debug.xcconfig */;
			buildSettings = {
				ALWAYS_EMBED_SWIFT_STANDARD_LIBRARIES = YES;
				BUNDLE_LOADER = "$(TEST_HOST)";
				CODE_SIGN_STYLE = Automatic;
				DEVELOPMENT_TEAM = 7GW83GWCK8;
				INFOPLIST_FILE = SpreatTests/Info.plist;
				IPHONEOS_DEPLOYMENT_TARGET = 13.7;
				LD_RUNPATH_SEARCH_PATHS = (
					"$(inherited)",
					"@executable_path/Frameworks",
					"@loader_path/Frameworks",
				);
				PRODUCT_BUNDLE_IDENTIFIER = com.icloud.yusasarisoy.SpreatTests;
				PRODUCT_NAME = "$(TARGET_NAME)";
				SWIFT_VERSION = 5.0;
				TARGETED_DEVICE_FAMILY = "1,2";
				TEST_HOST = "$(BUILT_PRODUCTS_DIR)/Spreat.app/Spreat";
			};
			name = Debug;
		};
		44BFB85B2530C4900002899F /* Release */ = {
			isa = XCBuildConfiguration;
			baseConfigurationReference = 4B96FF4DB7753044B8CA2AFB /* Pods-SpreatTests.release.xcconfig */;
			buildSettings = {
				ALWAYS_EMBED_SWIFT_STANDARD_LIBRARIES = YES;
				BUNDLE_LOADER = "$(TEST_HOST)";
				CODE_SIGN_STYLE = Automatic;
				DEVELOPMENT_TEAM = 7GW83GWCK8;
				INFOPLIST_FILE = SpreatTests/Info.plist;
				IPHONEOS_DEPLOYMENT_TARGET = 13.7;
				LD_RUNPATH_SEARCH_PATHS = (
					"$(inherited)",
					"@executable_path/Frameworks",
					"@loader_path/Frameworks",
				);
				PRODUCT_BUNDLE_IDENTIFIER = com.icloud.yusasarisoy.SpreatTests;
				PRODUCT_NAME = "$(TARGET_NAME)";
				SWIFT_VERSION = 5.0;
				TARGETED_DEVICE_FAMILY = "1,2";
				TEST_HOST = "$(BUILT_PRODUCTS_DIR)/Spreat.app/Spreat";
			};
			name = Release;
		};
		44BFB85D2530C4900002899F /* Debug */ = {
			isa = XCBuildConfiguration;
			baseConfigurationReference = 6D2E3DD1AC42FDA893C24347 /* Pods-Spreat-SpreatUITests.debug.xcconfig */;
			buildSettings = {
				ALWAYS_EMBED_SWIFT_STANDARD_LIBRARIES = YES;
				CODE_SIGN_STYLE = Automatic;
				DEVELOPMENT_TEAM = 7GW83GWCK8;
				INFOPLIST_FILE = SpreatUITests/Info.plist;
				LD_RUNPATH_SEARCH_PATHS = (
					"$(inherited)",
					"@executable_path/Frameworks",
					"@loader_path/Frameworks",
				);
				PRODUCT_BUNDLE_IDENTIFIER = com.icloud.yusasarisoy.SpreatUITests;
				PRODUCT_NAME = "$(TARGET_NAME)";
				SWIFT_VERSION = 5.0;
				TARGETED_DEVICE_FAMILY = "1,2";
				TEST_TARGET_NAME = Spreat;
			};
			name = Debug;
		};
		44BFB85E2530C4900002899F /* Release */ = {
			isa = XCBuildConfiguration;
			baseConfigurationReference = 896951DFBE7A52F9681180EC /* Pods-Spreat-SpreatUITests.release.xcconfig */;
			buildSettings = {
				ALWAYS_EMBED_SWIFT_STANDARD_LIBRARIES = YES;
				CODE_SIGN_STYLE = Automatic;
				DEVELOPMENT_TEAM = 7GW83GWCK8;
				INFOPLIST_FILE = SpreatUITests/Info.plist;
				LD_RUNPATH_SEARCH_PATHS = (
					"$(inherited)",
					"@executable_path/Frameworks",
					"@loader_path/Frameworks",
				);
				PRODUCT_BUNDLE_IDENTIFIER = com.icloud.yusasarisoy.SpreatUITests;
				PRODUCT_NAME = "$(TARGET_NAME)";
				SWIFT_VERSION = 5.0;
				TARGETED_DEVICE_FAMILY = "1,2";
				TEST_TARGET_NAME = Spreat;
			};
			name = Release;
		};
/* End XCBuildConfiguration section */

/* Begin XCConfigurationList section */
		4445D2A12573CBCB00D9E45B /* Build configuration list for PBXNativeTarget "Spreat WidgetExtension" */ = {
			isa = XCConfigurationList;
			buildConfigurations = (
				4445D29F2573CBCB00D9E45B /* Debug */,
				4445D2A02573CBCB00D9E45B /* Release */,
			);
			defaultConfigurationIsVisible = 0;
			defaultConfigurationName = Release;
		};
		44BFB8272530C48F0002899F /* Build configuration list for PBXProject "Spreat" */ = {
			isa = XCConfigurationList;
			buildConfigurations = (
				44BFB8542530C4900002899F /* Debug */,
				44BFB8552530C4900002899F /* Release */,
			);
			defaultConfigurationIsVisible = 0;
			defaultConfigurationName = Release;
		};
		44BFB8562530C4900002899F /* Build configuration list for PBXNativeTarget "Spreat" */ = {
			isa = XCConfigurationList;
			buildConfigurations = (
				44BFB8572530C4900002899F /* Debug */,
				44BFB8582530C4900002899F /* Release */,
			);
			defaultConfigurationIsVisible = 0;
			defaultConfigurationName = Release;
		};
		44BFB8592530C4900002899F /* Build configuration list for PBXNativeTarget "SpreatTests" */ = {
			isa = XCConfigurationList;
			buildConfigurations = (
				44BFB85A2530C4900002899F /* Debug */,
				44BFB85B2530C4900002899F /* Release */,
			);
			defaultConfigurationIsVisible = 0;
			defaultConfigurationName = Release;
		};
		44BFB85C2530C4900002899F /* Build configuration list for PBXNativeTarget "SpreatUITests" */ = {
			isa = XCConfigurationList;
			buildConfigurations = (
				44BFB85D2530C4900002899F /* Debug */,
				44BFB85E2530C4900002899F /* Release */,
			);
			defaultConfigurationIsVisible = 0;
			defaultConfigurationName = Release;
		};
/* End XCConfigurationList section */

/* Begin XCRemoteSwiftPackageReference section */
		4421B6592549AE6100DAF830 /* XCRemoteSwiftPackageReference "ChartView" */ = {
			isa = XCRemoteSwiftPackageReference;
			repositoryURL = "https://github.com/AppPear/ChartView";
			requirement = {
				kind = upToNextMajorVersion;
				minimumVersion = 1.5.4;
			};
		};
		4421B6672549AEA000DAF830 /* XCRemoteSwiftPackageReference "Localize-Swift" */ = {
			isa = XCRemoteSwiftPackageReference;
			repositoryURL = "https://github.com/marmelroy/Localize-Swift.git";
			requirement = {
				kind = upToNextMajorVersion;
				minimumVersion = 3.2.0;
			};
		};
/* End XCRemoteSwiftPackageReference section */

/* Begin XCSwiftPackageProductDependency section */
		4421B65A2549AE6100DAF830 /* SwiftUICharts */ = {
			isa = XCSwiftPackageProductDependency;
			package = 4421B6592549AE6100DAF830 /* XCRemoteSwiftPackageReference "ChartView" */;
			productName = SwiftUICharts;
		};
		4421B6682549AEA000DAF830 /* Localize_Swift */ = {
			isa = XCSwiftPackageProductDependency;
			package = 4421B6672549AEA000DAF830 /* XCRemoteSwiftPackageReference "Localize-Swift" */;
			productName = Localize_Swift;
		};
/* End XCSwiftPackageProductDependency section */
	};
	rootObject = 44BFB8242530C48F0002899F /* Project object */;
}
